github.com/nginxinc/nginx-hugo-theme v0.28.0 h1:RHHvBmFk2Uptk+efLPSIuBd2elc3IOZPElkJbkkpAHo=
github.com/nginxinc/nginx-hugo-theme v0.28.0/go.mod h1:DPNgSS5QYxkjH/BfH4uPDiTfODqWJ50NKZdorguom8M=
github.com/nginxinc/nginx-hugo-theme v0.33.0 h1:6mZdgxf5kNhInsrAXXiSlWXRy3fsP51lWKOdrvmkR6U=
github.com/nginxinc/nginx-hugo-theme v0.33.0/go.mod h1:DPNgSS5QYxkjH/BfH4uPDiTfODqWJ50NKZdorguom8M=
github.com/nginxinc/nginx-hugo-theme v0.34.0-alpha h1:8tKWnkhxP5Nk0V64v8rE9T3crusycohXl3wmOWc4uFk=
github.com/nginxinc/nginx-hugo-theme v0.34.0-alpha/go.mod h1:DPNgSS5QYxkjH/BfH4uPDiTfODqWJ50NKZdorguom8M=
github.com/nginxinc/nginx-hugo-theme v0.34.0 h1:G7LPVq7w1ls6IS4+OkTwjhFb67rLCzPdfZvW1/sn2Cw=
github.com/nginxinc/nginx-hugo-theme v0.34.0/go.mod h1:DPNgSS5QYxkjH/BfH4uPDiTfODqWJ50NKZdorguom8M=
