github.com/nginxinc/nginx-hugo-theme v0.41.22 h1:Gb/OLbpumNqp8vOPkZzO2GmgPDRd1yr2tWHWUBHg8BA=
github.com/nginxinc/nginx-hugo-theme v0.41.22/go.mod h1:DPNgSS5QYxkjH/BfH4uPDiTfODqWJ50NKZdorguom8M=
github.com/nginxinc/nginx-hugo-theme v0.41.27 h1:M8ttO1ZkTGY06o0MYvnm3kc/sA6lOmIjVA3tF3cAses=
github.com/nginxinc/nginx-hugo-theme v0.41.27/go.mod h1:DPNgSS5QYxkjH/BfH4uPDiTfODqWJ50NKZdorguom8M=
